// !$*UTF8*$!
{
	archiveVersion = 1;
	classes = {
	};
	objectVersion = 46;
	objects = {

/* Begin PBXBuildFile section */
		8B568ED31F47CE1700806228 /* AppDelegate.swift in Sources */ = {isa = PBXBuildFile; fileRef = 8B568ED21F47CE1700806228 /* AppDelegate.swift */; };
		8B568ED51F47CE1700806228 /* ViewController.swift in Sources */ = {isa = PBXBuildFile; fileRef = 8B568ED41F47CE1700806228 /* ViewController.swift */; };
		8B568ED81F47CE1700806228 /* Main.storyboard in Resources */ = {isa = PBXBuildFile; fileRef = 8B568ED61F47CE1700806228 /* Main.storyboard */; };
		8B568EDA1F47CE1700806228 /* Assets.xcassets in Resources */ = {isa = PBXBuildFile; fileRef = 8B568ED91F47CE1700806228 /* Assets.xcassets */; };
		8B568EDD1F47CE1700806228 /* LaunchScreen.storyboard in Resources */ = {isa = PBXBuildFile; fileRef = 8B568EDB1F47CE1700806228 /* LaunchScreen.storyboard */; };
		8B568EE81F47CE1700806228 /* tipCalculatorTests.swift in Sources */ = {isa = PBXBuildFile; fileRef = 8B568EE71F47CE1700806228 /* tipCalculatorTests.swift */; };
		8B568EF31F47CE1700806228 /* tipCalculatorUITests.swift in Sources */ = {isa = PBXBuildFile; fileRef = 8B568EF21F47CE1700806228 /* tipCalculatorUITests.swift */; };
		8B568F011F47DBAF00806228 /* SettingsViewController.swift in Sources */ = {isa = PBXBuildFile; fileRef = 8B568F001F47DBAF00806228 /* SettingsViewController.swift */; };
/* End PBXBuildFile section */

/* Begin PBXContainerItemProxy section */
		8B568EE41F47CE1700806228 /* PBXContainerItemProxy */ = {
			isa = PBXContainerItemProxy;
			containerPortal = 8B568EC71F47CE1700806228 /* Project object */;
			proxyType = 1;
			remoteGlobalIDString = 8B568ECE1F47CE1700806228;
			remoteInfo = tipCalculator;
		};
		8B568EEF1F47CE1700806228 /* PBXContainerItemProxy */ = {
			isa = PBXContainerItemProxy;
			containerPortal = 8B568EC71F47CE1700806228 /* Project object */;
			proxyType = 1;
			remoteGlobalIDString = 8B568ECE1F47CE1700806228;
			remoteInfo = tipCalculator;
		};
/* End PBXContainerItemProxy section */

/* Begin PBXFileReference section */
		8B568ECF1F47CE1700806228 /* TippyMcTipTip.app */ = {isa = PBXFileReference; explicitFileType = wrapper.application; includeInIndex = 0; path = TippyMcTipTip.app; sourceTree = BUILT_PRODUCTS_DIR; };
		8B568ED21F47CE1700806228 /* AppDelegate.swift */ = {isa = PBXFileReference; lastKnownFileType = sourcecode.swift; path = AppDelegate.swift; sourceTree = "<group>"; };
		8B568ED41F47CE1700806228 /* ViewController.swift */ = {isa = PBXFileReference; lastKnownFileType = sourcecode.swift; path = ViewController.swift; sourceTree = "<group>"; };
		8B568ED71F47CE1700806228 /* Base */ = {isa = PBXFileReference; lastKnownFileType = file.storyboard; name = Base; path = Base.lproj/Main.storyboard; sourceTree = "<group>"; };
		8B568ED91F47CE1700806228 /* Assets.xcassets */ = {isa = PBXFileReference; lastKnownFileType = folder.assetcatalog; path = Assets.xcassets; sourceTree = "<group>"; };
		8B568EDC1F47CE1700806228 /* Base */ = {isa = PBXFileReference; lastKnownFileType = file.storyboard; name = Base; path = Base.lproj/LaunchScreen.storyboard; sourceTree = "<group>"; };
		8B568EDE1F47CE1700806228 /* Info.plist */ = {isa = PBXFileReference; lastKnownFileType = text.plist.xml; path = Info.plist; sourceTree = "<group>"; };
		8B568EE31F47CE1700806228 /* TippyMcTipTip.xctest */ = {isa = PBXFileReference; explicitFileType = wrapper.cfbundle; includeInIndex = 0; path = TippyMcTipTip.xctest; sourceTree = BUILT_PRODUCTS_DIR; };
		8B568EE71F47CE1700806228 /* tipCalculatorTests.swift */ = {isa = PBXFileReference; lastKnownFileType = sourcecode.swift; path = tipCalculatorTests.swift; sourceTree = "<group>"; };
		8B568EE91F47CE1700806228 /* Info.plist */ = {isa = PBXFileReference; lastKnownFileType = text.plist.xml; path = Info.plist; sourceTree = "<group>"; };
		8B568EEE1F47CE1700806228 /* TippyMcTipTip.xctest */ = {isa = PBXFileReference; explicitFileType = wrapper.cfbundle; includeInIndex = 0; path = TippyMcTipTip.xctest; sourceTree = BUILT_PRODUCTS_DIR; };
		8B568EF21F47CE1700806228 /* tipCalculatorUITests.swift */ = {isa = PBXFileReference; lastKnownFileType = sourcecode.swift; path = tipCalculatorUITests.swift; sourceTree = "<group>"; };
		8B568EF41F47CE1700806228 /* Info.plist */ = {isa = PBXFileReference; lastKnownFileType = text.plist.xml; path = Info.plist; sourceTree = "<group>"; };
		8B568F001F47DBAF00806228 /* SettingsViewController.swift */ = {isa = PBXFileReference; fileEncoding = 4; lastKnownFileType = sourcecode.swift; path = SettingsViewController.swift; sourceTree = "<group>"; };
/* End PBXFileReference section */

/* Begin PBXFrameworksBuildPhase section */
		8B568ECC1F47CE1700806228 /* Frameworks */ = {
			isa = PBXFrameworksBuildPhase;
			buildActionMask = 2147483647;
			files = (
			);
			runOnlyForDeploymentPostprocessing = 0;
		};
		8B568EE01F47CE1700806228 /* Frameworks */ = {
			isa = PBXFrameworksBuildPhase;
			buildActionMask = 2147483647;
			files = (
			);
			runOnlyForDeploymentPostprocessing = 0;
		};
		8B568EEB1F47CE1700806228 /* Frameworks */ = {
			isa = PBXFrameworksBuildPhase;
			buildActionMask = 2147483647;
			files = (
			);
			runOnlyForDeploymentPostprocessing = 0;
		};
/* End PBXFrameworksBuildPhase section */

/* Begin PBXGroup section */
		8B568EC61F47CE1700806228 = {
			isa = PBXGroup;
			children = (
				8B568ED11F47CE1700806228 /* tipCalculator */,
				8B568EE61F47CE1700806228 /* tipCalculatorTests */,
				8B568EF11F47CE1700806228 /* tipCalculatorUITests */,
				8B568ED01F47CE1700806228 /* Products */,
			);
			sourceTree = "<group>";
		};
		8B568ED01F47CE1700806228 /* Products */ = {
			isa = PBXGroup;
			children = (
				8B568ECF1F47CE1700806228 /* TippyMcTipTip.app */,
				8B568EE31F47CE1700806228 /* TippyMcTipTip.xctest */,
				8B568EEE1F47CE1700806228 /* TippyMcTipTip.xctest */,
			);
			name = Products;
			sourceTree = "<group>";
		};
		8B568ED11F47CE1700806228 /* tipCalculator */ = {
			isa = PBXGroup;
			children = (
				8B568F001F47DBAF00806228 /* SettingsViewController.swift */,
				8B568ED21F47CE1700806228 /* AppDelegate.swift */,
				8B568ED41F47CE1700806228 /* ViewController.swift */,
				8B568ED61F47CE1700806228 /* Main.storyboard */,
				8B568ED91F47CE1700806228 /* Assets.xcassets */,
				8B568EDB1F47CE1700806228 /* LaunchScreen.storyboard */,
				8B568EDE1F47CE1700806228 /* Info.plist */,
			);
			path = tipCalculator;
			sourceTree = "<group>";
		};
		8B568EE61F47CE1700806228 /* tipCalculatorTests */ = {
			isa = PBXGroup;
			children = (
				8B568EE71F47CE1700806228 /* tipCalculatorTests.swift */,
				8B568EE91F47CE1700806228 /* Info.plist */,
			);
			path = tipCalculatorTests;
			sourceTree = "<group>";
		};
		8B568EF11F47CE1700806228 /* tipCalculatorUITests */ = {
			isa = PBXGroup;
			children = (
				8B568EF21F47CE1700806228 /* tipCalculatorUITests.swift */,
				8B568EF41F47CE1700806228 /* Info.plist */,
			);
			path = tipCalculatorUITests;
			sourceTree = "<group>";
		};
/* End PBXGroup section */

/* Begin PBXNativeTarget section */
		8B568ECE1F47CE1700806228 /* TippyMcTipTip */ = {
			isa = PBXNativeTarget;
			buildConfigurationList = 8B568EF71F47CE1700806228 /* Build configuration list for PBXNativeTarget "TippyMcTipTip" */;
			buildPhases = (
				8B568ECB1F47CE1700806228 /* Sources */,
				8B568ECC1F47CE1700806228 /* Frameworks */,
				8B568ECD1F47CE1700806228 /* Resources */,
			);
			buildRules = (
			);
			dependencies = (
			);
			name = TippyMcTipTip;
			productName = tipCalculator;
			productReference = 8B568ECF1F47CE1700806228 /* TippyMcTipTip.app */;
			productType = "com.apple.product-type.application";
		};
		8B568EE21F47CE1700806228 /* TippyMcTipTipTests */ = {
			isa = PBXNativeTarget;
			buildConfigurationList = 8B568EFA1F47CE1700806228 /* Build configuration list for PBXNativeTarget "TippyMcTipTipTests" */;
			buildPhases = (
				8B568EDF1F47CE1700806228 /* Sources */,
				8B568EE01F47CE1700806228 /* Frameworks */,
				8B568EE11F47CE1700806228 /* Resources */,
			);
			buildRules = (
			);
			dependencies = (
				8B568EE51F47CE1700806228 /* PBXTargetDependency */,
			);
			name = TippyMcTipTipTests;
			productName = tipCalculatorTests;
			productReference = 8B568EE31F47CE1700806228 /* TippyMcTipTip.xctest */;
			productType = "com.apple.product-type.bundle.unit-test";
		};
		8B568EED1F47CE1700806228 /* TippyMcTipTipUITests */ = {
			isa = PBXNativeTarget;
			buildConfigurationList = 8B568EFD1F47CE1700806228 /* Build configuration list for PBXNativeTarget "TippyMcTipTipUITests" */;
			buildPhases = (
				8B568EEA1F47CE1700806228 /* Sources */,
				8B568EEB1F47CE1700806228 /* Frameworks */,
				8B568EEC1F47CE1700806228 /* Resources */,
			);
			buildRules = (
			);
			dependencies = (
				8B568EF01F47CE1700806228 /* PBXTargetDependency */,
			);
			name = TippyMcTipTipUITests;
			productName = tipCalculatorUITests;
			productReference = 8B568EEE1F47CE1700806228 /* TippyMcTipTip.xctest */;
			productType = "com.apple.product-type.bundle.ui-testing";
		};
/* End PBXNativeTarget section */

/* Begin PBXProject section */
		8B568EC71F47CE1700806228 /* Project object */ = {
			isa = PBXProject;
			attributes = {
				LastSwiftUpdateCheck = 0720;
				LastUpgradeCheck = 0720;
				ORGANIZATIONNAME = com.example;
				TargetAttributes = {
					8B568ECE1F47CE1700806228 = {
						CreatedOnToolsVersion = 7.2.1;
					};
					8B568EE21F47CE1700806228 = {
						CreatedOnToolsVersion = 7.2.1;
						TestTargetID = 8B568ECE1F47CE1700806228;
					};
					8B568EED1F47CE1700806228 = {
						CreatedOnToolsVersion = 7.2.1;
						TestTargetID = 8B568ECE1F47CE1700806228;
					};
				};
			};
			buildConfigurationList = 8B568ECA1F47CE1700806228 /* Build configuration list for PBXProject "TippyMcTipTip" */;
			compatibilityVersion = "Xcode 3.2";
			developmentRegion = English;
			hasScannedForEncodings = 0;
			knownRegions = (
				en,
				Base,
			);
			mainGroup = 8B568EC61F47CE1700806228;
			productRefGroup = 8B568ED01F47CE1700806228 /* Products */;
			projectDirPath = "";
			projectRoot = "";
			targets = (
				8B568ECE1F47CE1700806228 /* TippyMcTipTip */,
				8B568EE21F47CE1700806228 /* TippyMcTipTipTests */,
				8B568EED1F47CE1700806228 /* TippyMcTipTipUITests */,
			);
		};
/* End PBXProject section */

/* Begin PBXResourcesBuildPhase section */
		8B568ECD1F47CE1700806228 /* Resources */ = {
			isa = PBXResourcesBuildPhase;
			buildActionMask = 2147483647;
			files = (
				8B568EDD1F47CE1700806228 /* LaunchScreen.storyboard in Resources */,
				8B568EDA1F47CE1700806228 /* Assets.xcassets in Resources */,
				8B568ED81F47CE1700806228 /* Main.storyboard in Resources */,
			);
			runOnlyForDeploymentPostprocessing = 0;
		};
		8B568EE11F47CE1700806228 /* Resources */ = {
			isa = PBXResourcesBuildPhase;
			buildActionMask = 2147483647;
			files = (
			);
			runOnlyForDeploymentPostprocessing = 0;
		};
		8B568EEC1F47CE1700806228 /* Resources */ = {
			isa = PBXResourcesBuildPhase;
			buildActionMask = 2147483647;
			files = (
			);
			runOnlyForDeploymentPostprocessing = 0;
		};
/* End PBXResourcesBuildPhase section */

/* Begin PBXSourcesBuildPhase section */
		8B568ECB1F47CE1700806228 /* Sources */ = {
			isa = PBXSourcesBuildPhase;
			buildActionMask = 2147483647;
			files = (
				8B568ED51F47CE1700806228 /* ViewController.swift in Sources */,
				8B568ED31F47CE1700806228 /* AppDelegate.swift in Sources */,
				8B568F011F47DBAF00806228 /* SettingsViewController.swift in Sources */,
			);
			runOnlyForDeploymentPostprocessing = 0;
		};
		8B568EDF1F47CE1700806228 /* Sources */ = {
			isa = PBXSourcesBuildPhase;
			buildActionMask = 2147483647;
			files = (
				8B568EE81F47CE1700806228 /* tipCalculatorTests.swift in Sources */,
			);
			runOnlyForDeploymentPostprocessing = 0;
		};
		8B568EEA1F47CE1700806228 /* Sources */ = {
			isa = PBXSourcesBuildPhase;
			buildActionMask = 2147483647;
			files = (
				8B568EF31F47CE1700806228 /* tipCalculatorUITests.swift in Sources */,
			);
			runOnlyForDeploymentPostprocessing = 0;
		};
/* End PBXSourcesBuildPhase section */

/* Begin PBXTargetDependency section */
		8B568EE51F47CE1700806228 /* PBXTargetDependency */ = {
			isa = PBXTargetDependency;
			target = 8B568ECE1F47CE1700806228 /* TippyMcTipTip */;
			targetProxy = 8B568EE41F47CE1700806228 /* PBXContainerItemProxy */;
		};
		8B568EF01F47CE1700806228 /* PBXTargetDependency */ = {
			isa = PBXTargetDependency;
			target = 8B568ECE1F47CE1700806228 /* TippyMcTipTip */;
			targetProxy = 8B568EEF1F47CE1700806228 /* PBXContainerItemProxy */;
		};
/* End PBXTargetDependency section */

/* Begin PBXVariantGroup section */
		8B568ED61F47CE1700806228 /* Main.storyboard */ = {
			isa = PBXVariantGroup;
			children = (
				8B568ED71F47CE1700806228 /* Base */,
			);
			name = Main.storyboard;
			sourceTree = "<group>";
		};
		8B568EDB1F47CE1700806228 /* LaunchScreen.storyboard */ = {
			isa = PBXVariantGroup;
			children = (
				8B568EDC1F47CE1700806228 /* Base */,
			);
			name = LaunchScreen.storyboard;
			sourceTree = "<group>";
		};
/* End PBXVariantGroup section */

/* Begin XCBuildConfiguration section */
		8B568EF51F47CE1700806228 /* Debug */ = {
			isa = XCBuildConfiguration;
			buildSettings = {
				ALWAYS_SEARCH_USER_PATHS = NO;
				CLANG_CXX_LANGUAGE_STANDARD = "gnu++0x";
				CLANG_CXX_LIBRARY = "libc++";
				CLANG_ENABLE_MODULES = YES;
				CLANG_ENABLE_OBJC_ARC = YES;
				CLANG_WARN_BOOL_CONVERSION = YES;
				CLANG_WARN_CONSTANT_CONVERSION = YES;
				CLANG_WARN_DIRECT_OBJC_ISA_USAGE = YES_ERROR;
				CLANG_WARN_EMPTY_BODY = YES;
				CLANG_WARN_ENUM_CONVERSION = YES;
				CLANG_WARN_INT_CONVERSION = YES;
				CLANG_WARN_OBJC_ROOT_CLASS = YES_ERROR;
				CLANG_WARN_UNREACHABLE_CODE = YES;
				CLANG_WARN__DUPLICATE_METHOD_MATCH = YES;
				"CODE_SIGN_IDENTITY[sdk=iphoneos*]" = "iPhone Developer";
				COPY_PHASE_STRIP = NO;
				DEBUG_INFORMATION_FORMAT = dwarf;
				ENABLE_STRICT_OBJC_MSGSEND = YES;
				ENABLE_TESTABILITY = YES;
				GCC_C_LANGUAGE_STANDARD = gnu99;
				GCC_DYNAMIC_NO_PIC = NO;
				GCC_NO_COMMON_BLOCKS = YES;
				GCC_OPTIMIZATION_LEVEL = 0;
				GCC_PREPROCESSOR_DEFINITIONS = (
					"DEBUG=1",
					"$(inherited)",
				);
				GCC_WARN_64_TO_32_BIT_CONVERSION = YES;
				GCC_WARN_ABOUT_RETURN_TYPE = YES_ERROR;
				GCC_WARN_UNDECLARED_SELECTOR = YES;
				GCC_WARN_UNINITIALIZED_AUTOS = YES_AGGRESSIVE;
				GCC_WARN_UNUSED_FUNCTION = YES;
				GCC_WARN_UNUSED_VARIABLE = YES;
				IPHONEOS_DEPLOYMENT_TARGET = 9.2;
				MTL_ENABLE_DEBUG_INFO = YES;
				ONLY_ACTIVE_ARCH = YES;
				SDKROOT = iphoneos;
				SWIFT_OPTIMIZATION_LEVEL = "-Onone";
			};
			name = Debug;
		};
		8B568EF61F47CE1700806228 /* Release */ = {
			isa = XCBuildConfiguration;
			buildSettings = {
				ALWAYS_SEARCH_USER_PATHS = NO;
				CLANG_CXX_LANGUAGE_STANDARD = "gnu++0x";
				CLANG_CXX_LIBRARY = "libc++";
				CLANG_ENABLE_MODULES = YES;
				CLANG_ENABLE_OBJC_ARC = YES;
				CLANG_WARN_BOOL_CONVERSION = YES;
				CLANG_WARN_CONSTANT_CONVERSION = YES;
				CLANG_WARN_DIRECT_OBJC_ISA_USAGE = YES_ERROR;
				CLANG_WARN_EMPTY_BODY = YES;
				CLANG_WARN_ENUM_CONVERSION = YES;
				CLANG_WARN_INT_CONVERSION = YES;
				CLANG_WARN_OBJC_ROOT_CLASS = YES_ERROR;
				CLANG_WARN_UNREACHABLE_CODE = YES;
				CLANG_WARN__DUPLICATE_METHOD_MATCH = YES;
				"CODE_SIGN_IDENTITY[sdk=iphoneos*]" = "iPhone Developer";
				COPY_PHASE_STRIP = NO;
				DEBUG_INFORMATION_FORMAT = "dwarf-with-dsym";
				ENABLE_NS_ASSERTIONS = NO;
				ENABLE_STRICT_OBJC_MSGSEND = YES;
				GCC_C_LANGUAGE_STANDARD = gnu99;
				GCC_NO_COMMON_BLOCKS = YES;
				GCC_WARN_64_TO_32_BIT_CONVERSION = YES;
				GCC_WARN_ABOUT_RETURN_TYPE = YES_ERROR;
				GCC_WARN_UNDECLARED_SELECTOR = YES;
				GCC_WARN_UNINITIALIZED_AUTOS = YES_AGGRESSIVE;
				GCC_WARN_UNUSED_FUNCTION = YES;
				GCC_WARN_UNUSED_VARIABLE = YES;
				IPHONEOS_DEPLOYMENT_TARGET = 9.2;
				MTL_ENABLE_DEBUG_INFO = NO;
				SDKROOT = iphoneos;
				VALIDATE_PRODUCT = YES;
			};
			name = Release;
		};
		8B568EF81F47CE1700806228 /* Debug */ = {
			isa = XCBuildConfiguration;
			buildSettings = {
				ASSETCATALOG_COMPILER_APPICON_NAME = AppIcon;
				INFOPLIST_FILE = tipCalculator/Info.plist;
				LD_RUNPATH_SEARCH_PATHS = "$(inherited) @executable_path/Frameworks";
				PRODUCT_BUNDLE_IDENTIFIER = com.example.tipCalculator;
				PRODUCT_NAME = TippyMcTipTip;
			};
			name = Debug;
		};
		8B568EF91F47CE1700806228 /* Release */ = {
			isa = XCBuildConfiguration;
			buildSettings = {
				ASSETCATALOG_COMPILER_APPICON_NAME = AppIcon;
				INFOPLIST_FILE = tipCalculator/Info.plist;
				LD_RUNPATH_SEARCH_PATHS = "$(inherited) @executable_path/Frameworks";
				PRODUCT_BUNDLE_IDENTIFIER = com.example.tipCalculator;
				PRODUCT_NAME = TippyMcTipTip;
			};
			name = Release;
		};
		8B568EFB1F47CE1700806228 /* Debug */ = {
			isa = XCBuildConfiguration;
			buildSettings = {
				BUNDLE_LOADER = "$(TEST_HOST)";
				INFOPLIST_FILE = tipCalculatorTests/Info.plist;
				LD_RUNPATH_SEARCH_PATHS = "$(inherited) @executable_path/Frameworks @loader_path/Frameworks";
				PRODUCT_BUNDLE_IDENTIFIER = com.example.tipCalculatorTests;
				PRODUCT_NAME = TippyMcTipTip;
				TEST_HOST = "$(BUILT_PRODUCTS_DIR)/TippyMcTipTip.app/TippyMcTipTip";
			};
			name = Debug;
		};
		8B568EFC1F47CE1700806228 /* Release */ = {
			isa = XCBuildConfiguration;
			buildSettings = {
				BUNDLE_LOADER = "$(TEST_HOST)";
				INFOPLIST_FILE = tipCalculatorTests/Info.plist;
				LD_RUNPATH_SEARCH_PATHS = "$(inherited) @executable_path/Frameworks @loader_path/Frameworks";
				PRODUCT_BUNDLE_IDENTIFIER = com.example.tipCalculatorTests;
				PRODUCT_NAME = TippyMcTipTip;
				TEST_HOST = "$(BUILT_PRODUCTS_DIR)/TippyMcTipTip.app/TippyMcTipTip";
			};
			name = Release;
		};
		8B568EFE1F47CE1700806228 /* Debug */ = {
			isa = XCBuildConfiguration;
			buildSettings = {
				INFOPLIST_FILE = tipCalculatorUITests/Info.plist;
				LD_RUNPATH_SEARCH_PATHS = "$(inherited) @executable_path/Frameworks @loader_path/Frameworks";
				PRODUCT_BUNDLE_IDENTIFIER = com.example.tipCalculatorUITests;
				PRODUCT_NAME = TippyMcTipTip;
				TEST_TARGET_NAME = tipCalculator;
				USES_XCTRUNNER = YES;
			};
			name = Debug;
		};
		8B568EFF1F47CE1700806228 /* Release */ = {
			isa = XCBuildConfiguration;
			buildSettings = {
				INFOPLIST_FILE = tipCalculatorUITests/Info.plist;
				LD_RUNPATH_SEARCH_PATHS = "$(inherited) @executable_path/Frameworks @loader_path/Frameworks";
				PRODUCT_BUNDLE_IDENTIFIER = com.example.tipCalculatorUITests;
				PRODUCT_NAME = TippyMcTipTip;
				TEST_TARGET_NAME = tipCalculator;
				USES_XCTRUNNER = YES;
			};
			name = Release;
		};
/* End XCBuildConfiguration section */

/* Begin XCConfigurationList section */
		8B568ECA1F47CE1700806228 /* Build configuration list for PBXProject "TippyMcTipTip" */ = {
			isa = XCConfigurationList;
			buildConfigurations = (
				8B568EF51F47CE1700806228 /* Debug */,
				8B568EF61F47CE1700806228 /* Release */,
			);
			defaultConfigurationIsVisible = 0;
			defaultConfigurationName = Release;
		};
		8B568EF71F47CE1700806228 /* Build configuration list for PBXNativeTarget "TippyMcTipTip" */ = {
			isa = XCConfigurationList;
			buildConfigurations = (
				8B568EF81F47CE1700806228 /* Debug */,
				8B568EF91F47CE1700806228 /* Release */,
			);
			defaultConfigurationIsVisible = 0;
		};
		8B568EFA1F47CE1700806228 /* Build configuration list for PBXNativeTarget "TippyMcTipTipTests" */ = {
			isa = XCConfigurationList;
			buildConfigurations = (
				8B568EFB1F47CE1700806228 /* Debug */,
				8B568EFC1F47CE1700806228 /* Release */,
			);
			defaultConfigurationIsVisible = 0;
		};
		8B568EFD1F47CE1700806228 /* Build configuration list for PBXNativeTarget "TippyMcTipTipUITests" */ = {
			isa = XCConfigurationList;
			buildConfigurations = (
				8B568EFE1F47CE1700806228 /* Debug */,
				8B568EFF1F47CE1700806228 /* Release */,
			);
			defaultConfigurationIsVisible = 0;
		};
/* End XCConfigurationList section */
	};
	rootObject = 8B568EC71F47CE1700806228 /* Project object */;
}
